
Microsoft Visual Studio Solution File, Format Version 12.00
# Visual Studio Version 17
VisualStudioVersion = 17.8.34330.188
MinimumVisualStudioVersion = 10.0.40219.1
Project("{FAE04EC0-301F-11D3-BF4B-00C04F79EFBC}") = "GitFun", "GitFun.csproj", "{79985906-9452-48FC-B301-ACF9BA2A90A0}"
EndProject
Global
	GlobalSection(SolutionConfigurationPlatforms) = preSolution
		Debug|Any CPU = Debug|Any CPU
		Release|Any CPU = Release|Any CPU
	EndGlobalSection
	GlobalSection(ProjectConfigurationPlatforms) = postSolution
		{79985906-9452-48FC-B301-ACF9BA2A90A0}.Debug|Any CPU.ActiveCfg = Debug|Any CPU
		{79985906-9452-48FC-B301-ACF9BA2A90A0}.Debug|Any CPU.Build.0 = Debug|Any CPU
		{79985906-9452-48FC-B301-ACF9BA2A90A0}.Release|Any CPU.ActiveCfg = Release|Any CPU
		{79985906-9452-48FC-B301-ACF9BA2A90A0}.Release|Any CPU.Build.0 = Release|Any CPU
	EndGlobalSection
	GlobalSection(SolutionProperties) = preSolution
		HideSolutionNode = FALSE
	EndGlobalSection
	GlobalSection(ExtensibilityGlobals) = postSolution
		SolutionGuid = {A1DF263E-5E7A-4BBD-B81E-1CEAE5D9EC57}
	EndGlobalSection
EndGlobal
